
Microsoft Visual Studio Solution File, Format Version 12.00
# Visual Studio Version 17
VisualStudioVersion = 17.7.34024.191
MinimumVisualStudioVersion = 10.0.40219.1
Project("{2150E333-8FDC-42A3-9474-1A3956D46DE8}") = "Klasa_4", "Klasa_4", "{BF66E305-D9CF-4379-BD1E-D34D884A3592}"
EndProject
Project("{9A19103F-16F7-4668-BE54-9A1E7A4F7556}") = "01.First_App", "01.First_App\01.First_App.csproj", "{4030A13B-2F89-448E-BCCE-226F65E6BB66}"
EndProject
Project("{2150E333-8FDC-42A3-9474-1A3956D46DE8}") = "Bindowanie", "Bindowanie", "{67965E55-7D24-4413-9A93-DB6977FB5C73}"
EndProject
Project("{9A19103F-16F7-4668-BE54-9A1E7A4F7556}") = "Bindowanie", "Bindowanie\Bindowanie.csproj", "{3BD83CB1-A242-48C2-960D-E28343043E49}"
EndProject
Project("{9A19103F-16F7-4668-BE54-9A1E7A4F7556}") = "Zadanie_1", "Zadanie_1\Zadanie_1.csproj", "{3FB52723-08C5-4754-8508-B678F9658CD8}"
EndProject
Project("{9A19103F-16F7-4668-BE54-9A1E7A4F7556}") = "Klasa 4", "Klasa 4\Klasa 4.csproj", "{96BC6B83-A381-40C5-B6D6-108796EF2C79}"
EndProject
Global
	GlobalSection(SolutionConfigurationPlatforms) = preSolution
		Debug|Any CPU = Debug|Any CPU
		Release|Any CPU = Release|Any CPU
	EndGlobalSection
	GlobalSection(ProjectConfigurationPlatforms) = postSolution
		{4030A13B-2F89-448E-BCCE-226F65E6BB66}.Debug|Any CPU.ActiveCfg = Debug|Any CPU
		{4030A13B-2F89-448E-BCCE-226F65E6BB66}.Debug|Any CPU.Build.0 = Debug|Any CPU
		{4030A13B-2F89-448E-BCCE-226F65E6BB66}.Release|Any CPU.ActiveCfg = Release|Any CPU
		{4030A13B-2F89-448E-BCCE-226F65E6BB66}.Release|Any CPU.Build.0 = Release|Any CPU
		{3BD83CB1-A242-48C2-960D-E28343043E49}.Debug|Any CPU.ActiveCfg = Debug|Any CPU
		{3BD83CB1-A242-48C2-960D-E28343043E49}.Debug|Any CPU.Build.0 = Debug|Any CPU
		{3BD83CB1-A242-48C2-960D-E28343043E49}.Release|Any CPU.ActiveCfg = Release|Any CPU
		{3BD83CB1-A242-48C2-960D-E28343043E49}.Release|Any CPU.Build.0 = Release|Any CPU
		{3FB52723-08C5-4754-8508-B678F9658CD8}.Debug|Any CPU.ActiveCfg = Debug|Any CPU
		{3FB52723-08C5-4754-8508-B678F9658CD8}.Debug|Any CPU.Build.0 = Debug|Any CPU
		{3FB52723-08C5-4754-8508-B678F9658CD8}.Release|Any CPU.ActiveCfg = Release|Any CPU
		{3FB52723-08C5-4754-8508-B678F9658CD8}.Release|Any CPU.Build.0 = Release|Any CPU
		{96BC6B83-A381-40C5-B6D6-108796EF2C79}.Debug|Any CPU.ActiveCfg = Debug|Any CPU
		{96BC6B83-A381-40C5-B6D6-108796EF2C79}.Debug|Any CPU.Build.0 = Debug|Any CPU
		{96BC6B83-A381-40C5-B6D6-108796EF2C79}.Release|Any CPU.ActiveCfg = Release|Any CPU
		{96BC6B83-A381-40C5-B6D6-108796EF2C79}.Release|Any CPU.Build.0 = Release|Any CPU
	EndGlobalSection
	GlobalSection(SolutionProperties) = preSolution
		HideSolutionNode = FALSE
	EndGlobalSection
	GlobalSection(NestedProjects) = preSolution
		{4030A13B-2F89-448E-BCCE-226F65E6BB66} = {BF66E305-D9CF-4379-BD1E-D34D884A3592}
		{3BD83CB1-A242-48C2-960D-E28343043E49} = {67965E55-7D24-4413-9A93-DB6977FB5C73}
	EndGlobalSection
	GlobalSection(ExtensibilityGlobals) = postSolution
		SolutionGuid = {8D909083-092F-4833-9495-E5C8A50F5BD9}
	EndGlobalSection
EndGlobal
